{
  "name": "strapi-docker",
  "version": "1.0.0",
  "lockfileVersion": 1,
  "requires": true,
  "dependencies": {
    "@animated-burgers/burger": {
      "version": "1.1.2",
      "resolved": "https://registry.npmjs.org/@animated-burgers/burger/-/burger-1.1.2.tgz",
      "integrity": "sha512-hErU9dlOcEeYbmbhhngBMXSDtqOaXfFEnKoodfs6vCFWD8dVLMNVbFFpZ0eV7/Wa9kKTGLPeLtDeP0vWYAcY7w=="
    },
    "@animated-burgers/burger-squeeze": {
      "version": "1.1.2",
      "resolved": "https://registry.npmjs.org/@animated-burgers/burger-squeeze/-/burger-squeeze-1.1.2.tgz",
      "integrity": "sha512-icB2y3yIeOYwbh0GOKQkMwwhvLd28SAr8dKctI/izLtBz+GMHq71YV2q0iYXZMFrS5/QytZx8k/33B7PFQIkzw==",
      "requires": {
        "@animated-burgers/burger": "^1.1.2"
      }
    }
  }
}
