{
  "name": "webapp",
  "version": "0.1.0",
  "lockfileVersion": 1,
  "requires": true,
  "dependencies": {
    "-": {
      "version": "0.0.1",
      "resolved": "https://registry.npmjs.org/-/-/--0.0.1.tgz",
      "integrity": "sha512-3HfneK3DGAm05fpyj20sT3apkNcvPpCuccOThOPdzz8sY7GgQGe0l93XH9bt+YzibcTIgUAIMoyVJI740RtgyQ=="
    },
    "g": {
      "version": "2.0.1",
      "resolved": "https://registry.npmjs.org/g/-/g-2.0.1.tgz",
      "integrity": "sha1-C1lj69DKcOO8jGdmk0oCGCHIuFc="
    },
    "n": {
      "version": "7.0.0",
      "resolved": "https://registry.npmjs.org/n/-/n-7.0.0.tgz",
      "integrity": "sha512-OOfwnaMCToX3zRwhrNGMZNOdSyprPzhmdiunLjui+7NWDG9SDLp4KszqqwHOLq7+HZJ8NLdUvJ0pzrfGJ9FDVg=="
    }
  }
}
